
Microsoft Visual Studio Solution File, Format Version 12.00
# Visual Studio 15
VisualStudioVersion = 15.0.28307.1209
MinimumVisualStudioVersion = 10.0.40219.1
Project("{00D1A9C2-B5F0-4AF3-8072-F6C62B433612}") = "dev_emp", "dev_emp\dev_emp.sqlproj", "{A8B8D4DA-0E7E-416A-BAAF-52B71BB9FA63}"
EndProject
Global
	GlobalSection(SolutionConfigurationPlatforms) = preSolution
		Debug|Any CPU = Debug|Any CPU
		Release|Any CPU = Release|Any CPU
	EndGlobalSection
	GlobalSection(ProjectConfigurationPlatforms) = postSolution
		{A8B8D4DA-0E7E-416A-BAAF-52B71BB9FA63}.Debug|Any CPU.ActiveCfg = Debug|Any CPU
		{A8B8D4DA-0E7E-416A-BAAF-52B71BB9FA63}.Debug|Any CPU.Build.0 = Debug|Any CPU
		{A8B8D4DA-0E7E-416A-BAAF-52B71BB9FA63}.Debug|Any CPU.Deploy.0 = Debug|Any CPU
		{A8B8D4DA-0E7E-416A-BAAF-52B71BB9FA63}.Release|Any CPU.ActiveCfg = Release|Any CPU
		{A8B8D4DA-0E7E-416A-BAAF-52B71BB9FA63}.Release|Any CPU.Build.0 = Release|Any CPU
		{A8B8D4DA-0E7E-416A-BAAF-52B71BB9FA63}.Release|Any CPU.Deploy.0 = Release|Any CPU
	EndGlobalSection
	GlobalSection(SolutionProperties) = preSolution
		HideSolutionNode = FALSE
	EndGlobalSection
	GlobalSection(ExtensibilityGlobals) = postSolution
		SolutionGuid = {16172746-E661-4ED6-8D25-C5709175CF09}
	EndGlobalSection
EndGlobal
